
Microsoft Visual Studio Solution File, Format Version 12.00
# Visual Studio Version 16
VisualStudioVersion = 16.0.31005.135
MinimumVisualStudioVersion = 10.0.40219.1
Project("{FAE04EC0-301F-11D3-BF4B-00C04F79EFBC}") = "GenerateSPDMHooksQuality", "GenerateSPDMHooksQuality\GenerateSPDMHooksQuality.csproj", "{93A4CB94-FEA6-469C-A708-4D80D8AC2367}"
EndProject
Global
	GlobalSection(SolutionConfigurationPlatforms) = preSolution
		Debug|Any CPU = Debug|Any CPU
		Release|Any CPU = Release|Any CPU
	EndGlobalSection
	GlobalSection(ProjectConfigurationPlatforms) = postSolution
		{93A4CB94-FEA6-469C-A708-4D80D8AC2367}.Debug|Any CPU.ActiveCfg = Debug|Any CPU
		{93A4CB94-FEA6-469C-A708-4D80D8AC2367}.Debug|Any CPU.Build.0 = Debug|Any CPU
		{93A4CB94-FEA6-469C-A708-4D80D8AC2367}.Release|Any CPU.ActiveCfg = Release|Any CPU
		{93A4CB94-FEA6-469C-A708-4D80D8AC2367}.Release|Any CPU.Build.0 = Release|Any CPU
	EndGlobalSection
	GlobalSection(SolutionProperties) = preSolution
		HideSolutionNode = FALSE
	EndGlobalSection
	GlobalSection(ExtensibilityGlobals) = postSolution
		SolutionGuid = {76709564-5C47-40B8-A21C-14DB94C36F1F}
	EndGlobalSection
EndGlobal
